
Microsoft Visual Studio Solution File, Format Version 12.00
# Visual Studio 15
VisualStudioVersion = 15.0.27004.2006
MinimumVisualStudioVersion = 10.0.40219.1
Project("{9A19103F-16F7-4668-BE54-9A1E7A4F7556}") = "Draxbot", "Draxbot\Draxbot.csproj", "{D521ED22-5224-4F0F-8AB4-5A74AA5D4C9D}"
EndProject
Global
	GlobalSection(SolutionConfigurationPlatforms) = preSolution
		Debug|Any CPU = Debug|Any CPU
		Release|Any CPU = Release|Any CPU
	EndGlobalSection
	GlobalSection(ProjectConfigurationPlatforms) = postSolution
		{D521ED22-5224-4F0F-8AB4-5A74AA5D4C9D}.Debug|Any CPU.ActiveCfg = Debug|Any CPU
		{D521ED22-5224-4F0F-8AB4-5A74AA5D4C9D}.Debug|Any CPU.Build.0 = Debug|Any CPU
		{D521ED22-5224-4F0F-8AB4-5A74AA5D4C9D}.Release|Any CPU.ActiveCfg = Release|Any CPU
		{D521ED22-5224-4F0F-8AB4-5A74AA5D4C9D}.Release|Any CPU.Build.0 = Release|Any CPU
	EndGlobalSection
	GlobalSection(SolutionProperties) = preSolution
		HideSolutionNode = FALSE
	EndGlobalSection
	GlobalSection(ExtensibilityGlobals) = postSolution
		SolutionGuid = {8E287B11-E33F-428B-8088-EACE7AAA3391}
	EndGlobalSection
EndGlobal
